
Microsoft Visual Studio Solution File, Format Version 12.00
# Visual Studio Version 16
VisualStudioVersion = 16.0.32228.343
MinimumVisualStudioVersion = 10.0.40219.1
Project("{FAE04EC0-301F-11D3-BF4B-00C04F79EFBC}") = "Task2.7", "Task2.7\Task2.7.csproj", "{BC833E5D-B830-4E15-97A8-2254879ACA1A}"
EndProject
Global
	GlobalSection(SolutionConfigurationPlatforms) = preSolution
		Debug|Any CPU = Debug|Any CPU
		Release|Any CPU = Release|Any CPU
	EndGlobalSection
	GlobalSection(ProjectConfigurationPlatforms) = postSolution
		{BC833E5D-B830-4E15-97A8-2254879ACA1A}.Debug|Any CPU.ActiveCfg = Debug|Any CPU
		{BC833E5D-B830-4E15-97A8-2254879ACA1A}.Debug|Any CPU.Build.0 = Debug|Any CPU
		{BC833E5D-B830-4E15-97A8-2254879ACA1A}.Release|Any CPU.ActiveCfg = Release|Any CPU
		{BC833E5D-B830-4E15-97A8-2254879ACA1A}.Release|Any CPU.Build.0 = Release|Any CPU
	EndGlobalSection
	GlobalSection(SolutionProperties) = preSolution
		HideSolutionNode = FALSE
	EndGlobalSection
	GlobalSection(ExtensibilityGlobals) = postSolution
		SolutionGuid = {2F06C58A-8096-4CFC-8ED0-6833ABC5585F}
	EndGlobalSection
EndGlobal
